
Microsoft Visual Studio Solution File, Format Version 12.00
# Visual Studio Version 16
VisualStudioVersion = 16.0.31729.503
MinimumVisualStudioVersion = 10.0.40219.1
Project("{FAE04EC0-301F-11D3-BF4B-00C04F79EFBC}") = "FacadeCalisma", "FacadeCalisma\FacadeCalisma.csproj", "{AAA43535-B72A-4C84-918E-3AB397FB79ED}"
EndProject
Global
	GlobalSection(SolutionConfigurationPlatforms) = preSolution
		Debug|Any CPU = Debug|Any CPU
		Release|Any CPU = Release|Any CPU
	EndGlobalSection
	GlobalSection(ProjectConfigurationPlatforms) = postSolution
		{AAA43535-B72A-4C84-918E-3AB397FB79ED}.Debug|Any CPU.ActiveCfg = Debug|Any CPU
		{AAA43535-B72A-4C84-918E-3AB397FB79ED}.Debug|Any CPU.Build.0 = Debug|Any CPU
		{AAA43535-B72A-4C84-918E-3AB397FB79ED}.Release|Any CPU.ActiveCfg = Release|Any CPU
		{AAA43535-B72A-4C84-918E-3AB397FB79ED}.Release|Any CPU.Build.0 = Release|Any CPU
	EndGlobalSection
	GlobalSection(SolutionProperties) = preSolution
		HideSolutionNode = FALSE
	EndGlobalSection
	GlobalSection(ExtensibilityGlobals) = postSolution
		SolutionGuid = {E41C6364-8DBA-49BC-B6C7-331C47124E3A}
	EndGlobalSection
EndGlobal
